
Microsoft Visual Studio Solution File, Format Version 12.00
# Visual Studio Version 17
VisualStudioVersion = 17.0.31903.59
MinimumVisualStudioVersion = 10.0.40219.1
Project("{FAE04EC0-301F-11D3-BF4B-00C04F79EFBC}") = "IntegracionNiubizDemo.Web", "IntegracionNiubizDemo.Web\IntegracionNiubizDemo.Web.csproj", "{9F408CD8-A9B9-421B-9B25-F28EBA662208}"
EndProject
Project("{FAE04EC0-301F-11D3-BF4B-00C04F79EFBC}") = "IntegracionNiubizDemo.Domain", "IntegracionNiubizDemo.Domain\IntegracionNiubizDemo.Domain.csproj", "{1045C396-F39D-439D-BBF9-5B82C8EF1C87}"
EndProject
Project("{FAE04EC0-301F-11D3-BF4B-00C04F79EFBC}") = "IntegracionNiubizDemo.Application", "IntegracionNiubizDemo.Application\IntegracionNiubizDemo.Application.csproj", "{128DB2CD-8CE1-4F60-9509-2443FA4EF43E}"
EndProject
Project("{FAE04EC0-301F-11D3-BF4B-00C04F79EFBC}") = "IntegracionNiubizDemo.Persistence", "IntegracionNiubizDemo.Persistence\IntegracionNiubizDemo.Persistence.csproj", "{8194063F-8C30-40C1-9B22-A917D47BB15F}"
EndProject
Project("{FAE04EC0-301F-11D3-BF4B-00C04F79EFBC}") = "IntegracionNiubizDemo.Infrastructure", "IntegracionNiubizDemo.Infrastructure\IntegracionNiubizDemo.Infrastructure.csproj", "{42442770-103F-41C9-905E-66F94D9606B3}"
EndProject
Global
	GlobalSection(SolutionConfigurationPlatforms) = preSolution
		Debug|Any CPU = Debug|Any CPU
		Debug|x64 = Debug|x64
		Debug|x86 = Debug|x86
		Release|Any CPU = Release|Any CPU
		Release|x64 = Release|x64
		Release|x86 = Release|x86
	EndGlobalSection
	GlobalSection(ProjectConfigurationPlatforms) = postSolution
		{9F408CD8-A9B9-421B-9B25-F28EBA662208}.Debug|Any CPU.ActiveCfg = Debug|Any CPU
		{9F408CD8-A9B9-421B-9B25-F28EBA662208}.Debug|Any CPU.Build.0 = Debug|Any CPU
		{9F408CD8-A9B9-421B-9B25-F28EBA662208}.Debug|x64.ActiveCfg = Debug|Any CPU
		{9F408CD8-A9B9-421B-9B25-F28EBA662208}.Debug|x64.Build.0 = Debug|Any CPU
		{9F408CD8-A9B9-421B-9B25-F28EBA662208}.Debug|x86.ActiveCfg = Debug|Any CPU
		{9F408CD8-A9B9-421B-9B25-F28EBA662208}.Debug|x86.Build.0 = Debug|Any CPU
		{9F408CD8-A9B9-421B-9B25-F28EBA662208}.Release|Any CPU.ActiveCfg = Release|Any CPU
		{9F408CD8-A9B9-421B-9B25-F28EBA662208}.Release|Any CPU.Build.0 = Release|Any CPU
		{9F408CD8-A9B9-421B-9B25-F28EBA662208}.Release|x64.ActiveCfg = Release|Any CPU
		{9F408CD8-A9B9-421B-9B25-F28EBA662208}.Release|x64.Build.0 = Release|Any CPU
		{9F408CD8-A9B9-421B-9B25-F28EBA662208}.Release|x86.ActiveCfg = Release|Any CPU
		{9F408CD8-A9B9-421B-9B25-F28EBA662208}.Release|x86.Build.0 = Release|Any CPU
		{1045C396-F39D-439D-BBF9-5B82C8EF1C87}.Debug|Any CPU.ActiveCfg = Debug|Any CPU
		{1045C396-F39D-439D-BBF9-5B82C8EF1C87}.Debug|Any CPU.Build.0 = Debug|Any CPU
		{1045C396-F39D-439D-BBF9-5B82C8EF1C87}.Debug|x64.ActiveCfg = Debug|Any CPU
		{1045C396-F39D-439D-BBF9-5B82C8EF1C87}.Debug|x64.Build.0 = Debug|Any CPU
		{1045C396-F39D-439D-BBF9-5B82C8EF1C87}.Debug|x86.ActiveCfg = Debug|Any CPU
		{1045C396-F39D-439D-BBF9-5B82C8EF1C87}.Debug|x86.Build.0 = Debug|Any CPU
		{1045C396-F39D-439D-BBF9-5B82C8EF1C87}.Release|Any CPU.ActiveCfg = Release|Any CPU
		{1045C396-F39D-439D-BBF9-5B82C8EF1C87}.Release|Any CPU.Build.0 = Release|Any CPU
		{1045C396-F39D-439D-BBF9-5B82C8EF1C87}.Release|x64.ActiveCfg = Release|Any CPU
		{1045C396-F39D-439D-BBF9-5B82C8EF1C87}.Release|x64.Build.0 = Release|Any CPU
		{1045C396-F39D-439D-BBF9-5B82C8EF1C87}.Release|x86.ActiveCfg = Release|Any CPU
		{1045C396-F39D-439D-BBF9-5B82C8EF1C87}.Release|x86.Build.0 = Release|Any CPU
		{128DB2CD-8CE1-4F60-9509-2443FA4EF43E}.Debug|Any CPU.ActiveCfg = Debug|Any CPU
		{128DB2CD-8CE1-4F60-9509-2443FA4EF43E}.Debug|Any CPU.Build.0 = Debug|Any CPU
		{128DB2CD-8CE1-4F60-9509-2443FA4EF43E}.Debug|x64.ActiveCfg = Debug|Any CPU
		{128DB2CD-8CE1-4F60-9509-2443FA4EF43E}.Debug|x64.Build.0 = Debug|Any CPU
		{128DB2CD-8CE1-4F60-9509-2443FA4EF43E}.Debug|x86.ActiveCfg = Debug|Any CPU
		{128DB2CD-8CE1-4F60-9509-2443FA4EF43E}.Debug|x86.Build.0 = Debug|Any CPU
		{128DB2CD-8CE1-4F60-9509-2443FA4EF43E}.Release|Any CPU.ActiveCfg = Release|Any CPU
		{128DB2CD-8CE1-4F60-9509-2443FA4EF43E}.Release|Any CPU.Build.0 = Release|Any CPU
		{128DB2CD-8CE1-4F60-9509-2443FA4EF43E}.Release|x64.ActiveCfg = Release|Any CPU
		{128DB2CD-8CE1-4F60-9509-2443FA4EF43E}.Release|x64.Build.0 = Release|Any CPU
		{128DB2CD-8CE1-4F60-9509-2443FA4EF43E}.Release|x86.ActiveCfg = Release|Any CPU
		{128DB2CD-8CE1-4F60-9509-2443FA4EF43E}.Release|x86.Build.0 = Release|Any CPU
		{8194063F-8C30-40C1-9B22-A917D47BB15F}.Debug|Any CPU.ActiveCfg = Debug|Any CPU
		{8194063F-8C30-40C1-9B22-A917D47BB15F}.Debug|Any CPU.Build.0 = Debug|Any CPU
		{8194063F-8C30-40C1-9B22-A917D47BB15F}.Debug|x64.ActiveCfg = Debug|Any CPU
		{8194063F-8C30-40C1-9B22-A917D47BB15F}.Debug|x64.Build.0 = Debug|Any CPU
		{8194063F-8C30-40C1-9B22-A917D47BB15F}.Debug|x86.ActiveCfg = Debug|Any CPU
		{8194063F-8C30-40C1-9B22-A917D47BB15F}.Debug|x86.Build.0 = Debug|Any CPU
		{8194063F-8C30-40C1-9B22-A917D47BB15F}.Release|Any CPU.ActiveCfg = Release|Any CPU
		{8194063F-8C30-40C1-9B22-A917D47BB15F}.Release|Any CPU.Build.0 = Release|Any CPU
		{8194063F-8C30-40C1-9B22-A917D47BB15F}.Release|x64.ActiveCfg = Release|Any CPU
		{8194063F-8C30-40C1-9B22-A917D47BB15F}.Release|x64.Build.0 = Release|Any CPU
		{8194063F-8C30-40C1-9B22-A917D47BB15F}.Release|x86.ActiveCfg = Release|Any CPU
		{8194063F-8C30-40C1-9B22-A917D47BB15F}.Release|x86.Build.0 = Release|Any CPU
		{42442770-103F-41C9-905E-66F94D9606B3}.Debug|Any CPU.ActiveCfg = Debug|Any CPU
		{42442770-103F-41C9-905E-66F94D9606B3}.Debug|Any CPU.Build.0 = Debug|Any CPU
		{42442770-103F-41C9-905E-66F94D9606B3}.Debug|x64.ActiveCfg = Debug|Any CPU
		{42442770-103F-41C9-905E-66F94D9606B3}.Debug|x64.Build.0 = Debug|Any CPU
		{42442770-103F-41C9-905E-66F94D9606B3}.Debug|x86.ActiveCfg = Debug|Any CPU
		{42442770-103F-41C9-905E-66F94D9606B3}.Debug|x86.Build.0 = Debug|Any CPU
		{42442770-103F-41C9-905E-66F94D9606B3}.Release|Any CPU.ActiveCfg = Release|Any CPU
		{42442770-103F-41C9-905E-66F94D9606B3}.Release|Any CPU.Build.0 = Release|Any CPU
		{42442770-103F-41C9-905E-66F94D9606B3}.Release|x64.ActiveCfg = Release|Any CPU
		{42442770-103F-41C9-905E-66F94D9606B3}.Release|x64.Build.0 = Release|Any CPU
		{42442770-103F-41C9-905E-66F94D9606B3}.Release|x86.ActiveCfg = Release|Any CPU
		{42442770-103F-41C9-905E-66F94D9606B3}.Release|x86.Build.0 = Release|Any CPU
	EndGlobalSection
	GlobalSection(SolutionProperties) = preSolution
		HideSolutionNode = FALSE
	EndGlobalSection
EndGlobal
